
Microsoft Visual Studio Solution File, Format Version 12.00
# Visual Studio Version 16
VisualStudioVersion = 16.0.34601.136
MinimumVisualStudioVersion = 10.0.40219.1
Project("{FAE04EC0-301F-11D3-BF4B-00C04F79EFBC}") = "WindowsServiceExample", "WindowsServiceExample\WindowsServiceExample.csproj", "{580850D7-027E-42C5-A963-FCEAACE9A722}"
EndProject
Global
	GlobalSection(SolutionConfigurationPlatforms) = preSolution
		Debug|Any CPU = Debug|Any CPU
		Release|Any CPU = Release|Any CPU
	EndGlobalSection
	GlobalSection(ProjectConfigurationPlatforms) = postSolution
		{580850D7-027E-42C5-A963-FCEAACE9A722}.Debug|Any CPU.ActiveCfg = Debug|Any CPU
		{580850D7-027E-42C5-A963-FCEAACE9A722}.Debug|Any CPU.Build.0 = Debug|Any CPU
		{580850D7-027E-42C5-A963-FCEAACE9A722}.Release|Any CPU.ActiveCfg = Release|Any CPU
		{580850D7-027E-42C5-A963-FCEAACE9A722}.Release|Any CPU.Build.0 = Release|Any CPU
	EndGlobalSection
	GlobalSection(SolutionProperties) = preSolution
		HideSolutionNode = FALSE
	EndGlobalSection
	GlobalSection(ExtensibilityGlobals) = postSolution
		SolutionGuid = {81051A50-B808-4051-AA99-565AE3B40674}
	EndGlobalSection
EndGlobal
